// !$*UTF8*$!
{
	archiveVersion = 1;
	classes = {
	};
	objectVersion = 46;
	objects = {

/* Begin PBXBuildFile section */
		53F1EDF61C3D985C00E9F6FA /* AppDelegate.swift in Sources */ = {isa = PBXBuildFile; fileRef = 53F1EDF51C3D985C00E9F6FA /* AppDelegate.swift */; };
		53F1EDF81C3D985C00E9F6FA /* ViewController.swift in Sources */ = {isa = PBXBuildFile; fileRef = 53F1EDF71C3D985C00E9F6FA /* ViewController.swift */; };
		53F1EDFB1C3D985C00E9F6FA /* Main.storyboard in Resources */ = {isa = PBXBuildFile; fileRef = 53F1EDF91C3D985C00E9F6FA /* Main.storyboard */; };
		53F1EDFD1C3D985C00E9F6FA /* Images.xcassets in Resources */ = {isa = PBXBuildFile; fileRef = 53F1EDFC1C3D985C00E9F6FA /* Images.xcassets */; };
		53F1EE001C3D985C00E9F6FA /* LaunchScreen.xib in Resources */ = {isa = PBXBuildFile; fileRef = 53F1EDFE1C3D985C00E9F6FA /* LaunchScreen.xib */; };
		53F1EE0C1C3D985C00E9F6FA /* tipsTests.swift in Sources */ = {isa = PBXBuildFile; fileRef = 53F1EE0B1C3D985C00E9F6FA /* tipsTests.swift */; };
		53F1EE191C3DE44800E9F6FA /* SettingsTableViewController.swift in Sources */ = {isa = PBXBuildFile; fileRef = 53F1EE181C3DE44800E9F6FA /* SettingsTableViewController.swift */; };
/* End PBXBuildFile section */

/* Begin PBXContainerItemProxy section */
		53F1EE061C3D985C00E9F6FA /* PBXContainerItemProxy */ = {
			isa = PBXContainerItemProxy;
			containerPortal = 53F1EDE81C3D985C00E9F6FA /* Project object */;
			proxyType = 1;
			remoteGlobalIDString = 53F1EDEF1C3D985C00E9F6FA;
			remoteInfo = tips;
		};
/* End PBXContainerItemProxy section */

/* Begin PBXFileReference section */
		53F1EDF01C3D985C00E9F6FA /* tips.app */ = {isa = PBXFileReference; explicitFileType = wrapper.application; includeInIndex = 0; path = tips.app; sourceTree = BUILT_PRODUCTS_DIR; };
		53F1EDF41C3D985C00E9F6FA /* Info.plist */ = {isa = PBXFileReference; lastKnownFileType = text.plist.xml; path = Info.plist; sourceTree = "<group>"; };
		53F1EDF51C3D985C00E9F6FA /* AppDelegate.swift */ = {isa = PBXFileReference; lastKnownFileType = sourcecode.swift; path = AppDelegate.swift; sourceTree = "<group>"; };
		53F1EDF71C3D985C00E9F6FA /* ViewController.swift */ = {isa = PBXFileReference; lastKnownFileType = sourcecode.swift; path = ViewController.swift; sourceTree = "<group>"; };
		53F1EDFA1C3D985C00E9F6FA /* Base */ = {isa = PBXFileReference; lastKnownFileType = file.storyboard; name = Base; path = Base.lproj/Main.storyboard; sourceTree = "<group>"; };
		53F1EDFC1C3D985C00E9F6FA /* Images.xcassets */ = {isa = PBXFileReference; lastKnownFileType = folder.assetcatalog; path = Images.xcassets; sourceTree = "<group>"; };
		53F1EDFF1C3D985C00E9F6FA /* Base */ = {isa = PBXFileReference; lastKnownFileType = file.xib; name = Base; path = Base.lproj/LaunchScreen.xib; sourceTree = "<group>"; };
		53F1EE051C3D985C00E9F6FA /* tipsTests.xctest */ = {isa = PBXFileReference; explicitFileType = wrapper.cfbundle; includeInIndex = 0; path = tipsTests.xctest; sourceTree = BUILT_PRODUCTS_DIR; };
		53F1EE0A1C3D985C00E9F6FA /* Info.plist */ = {isa = PBXFileReference; lastKnownFileType = text.plist.xml; path = Info.plist; sourceTree = "<group>"; };
		53F1EE0B1C3D985C00E9F6FA /* tipsTests.swift */ = {isa = PBXFileReference; lastKnownFileType = sourcecode.swift; path = tipsTests.swift; sourceTree = "<group>"; };
		53F1EE181C3DE44800E9F6FA /* SettingsTableViewController.swift */ = {isa = PBXFileReference; fileEncoding = 4; lastKnownFileType = sourcecode.swift; path = SettingsTableViewController.swift; sourceTree = "<group>"; };
/* End PBXFileReference section */

/* Begin PBXFrameworksBuildPhase section */
		53F1EDED1C3D985C00E9F6FA /* Frameworks */ = {
			isa = PBXFrameworksBuildPhase;
			buildActionMask = 2147483647;
			files = (
			);
			runOnlyForDeploymentPostprocessing = 0;
		};
		53F1EE021C3D985C00E9F6FA /* Frameworks */ = {
			isa = PBXFrameworksBuildPhase;
			buildActionMask = 2147483647;
			files = (
			);
			runOnlyForDeploymentPostprocessing = 0;
		};
/* End PBXFrameworksBuildPhase section */

/* Begin PBXGroup section */
		53F1EDE71C3D985C00E9F6FA = {
			isa = PBXGroup;
			children = (
				53F1EDF21C3D985C00E9F6FA /* tips */,
				53F1EE081C3D985C00E9F6FA /* tipsTests */,
				53F1EDF11C3D985C00E9F6FA /* Products */,
			);
			sourceTree = "<group>";
		};
		53F1EDF11C3D985C00E9F6FA /* Products */ = {
			isa = PBXGroup;
			children = (
				53F1EDF01C3D985C00E9F6FA /* tips.app */,
				53F1EE051C3D985C00E9F6FA /* tipsTests.xctest */,
			);
			name = Products;
			sourceTree = "<group>";
		};
		53F1EDF21C3D985C00E9F6FA /* tips */ = {
			isa = PBXGroup;
			children = (
				53F1EE171C3DBA7A00E9F6FA /* View Controllers */,
				53F1EDF51C3D985C00E9F6FA /* AppDelegate.swift */,
				53F1EDF91C3D985C00E9F6FA /* Main.storyboard */,
				53F1EDFC1C3D985C00E9F6FA /* Images.xcassets */,
				53F1EDFE1C3D985C00E9F6FA /* LaunchScreen.xib */,
				53F1EDF31C3D985C00E9F6FA /* Supporting Files */,
			);
			path = tips;
			sourceTree = "<group>";
		};
		53F1EDF31C3D985C00E9F6FA /* Supporting Files */ = {
			isa = PBXGroup;
			children = (
				53F1EDF41C3D985C00E9F6FA /* Info.plist */,
			);
			name = "Supporting Files";
			sourceTree = "<group>";
		};
		53F1EE081C3D985C00E9F6FA /* tipsTests */ = {
			isa = PBXGroup;
			children = (
				53F1EE0B1C3D985C00E9F6FA /* tipsTests.swift */,
				53F1EE091C3D985C00E9F6FA /* Supporting Files */,
			);
			path = tipsTests;
			sourceTree = "<group>";
		};
		53F1EE091C3D985C00E9F6FA /* Supporting Files */ = {
			isa = PBXGroup;
			children = (
				53F1EE0A1C3D985C00E9F6FA /* Info.plist */,
			);
			name = "Supporting Files";
			sourceTree = "<group>";
		};
		53F1EE171C3DBA7A00E9F6FA /* View Controllers */ = {
			isa = PBXGroup;
			children = (
				53F1EDF71C3D985C00E9F6FA /* ViewController.swift */,
				53F1EE181C3DE44800E9F6FA /* SettingsTableViewController.swift */,
			);
			name = "View Controllers";
			sourceTree = "<group>";
		};
/* End PBXGroup section */

/* Begin PBXNativeTarget section */
		53F1EDEF1C3D985C00E9F6FA /* tips */ = {
			isa = PBXNativeTarget;
			buildConfigurationList = 53F1EE0F1C3D985C00E9F6FA /* Build configuration list for PBXNativeTarget "tips" */;
			buildPhases = (
				53F1EDEC1C3D985C00E9F6FA /* Sources */,
				53F1EDED1C3D985C00E9F6FA /* Frameworks */,
				53F1EDEE1C3D985C00E9F6FA /* Resources */,
			);
			buildRules = (
			);
			dependencies = (
			);
			name = tips;
			productName = tips;
			productReference = 53F1EDF01C3D985C00E9F6FA /* tips.app */;
			productType = "com.apple.product-type.application";
		};
		53F1EE041C3D985C00E9F6FA /* tipsTests */ = {
			isa = PBXNativeTarget;
			buildConfigurationList = 53F1EE121C3D985C00E9F6FA /* Build configuration list for PBXNativeTarget "tipsTests" */;
			buildPhases = (
				53F1EE011C3D985C00E9F6FA /* Sources */,
				53F1EE021C3D985C00E9F6FA /* Frameworks */,
				53F1EE031C3D985C00E9F6FA /* Resources */,
			);
			buildRules = (
			);
			dependencies = (
				53F1EE071C3D985C00E9F6FA /* PBXTargetDependency */,
			);
			name = tipsTests;
			productName = tipsTests;
			productReference = 53F1EE051C3D985C00E9F6FA /* tipsTests.xctest */;
			productType = "com.apple.product-type.bundle.unit-test";
		};
/* End PBXNativeTarget section */

/* Begin PBXProject section */
		53F1EDE81C3D985C00E9F6FA /* Project object */ = {
			isa = PBXProject;
			attributes = {
				LastUpgradeCheck = 0630;
				ORGANIZATIONNAME = "Priscilla Lok";
				TargetAttributes = {
					53F1EDEF1C3D985C00E9F6FA = {
						CreatedOnToolsVersion = 6.3;
					};
					53F1EE041C3D985C00E9F6FA = {
						CreatedOnToolsVersion = 6.3;
						TestTargetID = 53F1EDEF1C3D985C00E9F6FA;
					};
				};
			};
			buildConfigurationList = 53F1EDEB1C3D985C00E9F6FA /* Build configuration list for PBXProject "tips" */;
			compatibilityVersion = "Xcode 3.2";
			developmentRegion = English;
			hasScannedForEncodings = 0;
			knownRegions = (
				en,
				Base,
			);
			mainGroup = 53F1EDE71C3D985C00E9F6FA;
			productRefGroup = 53F1EDF11C3D985C00E9F6FA /* Products */;
			projectDirPath = "";
			projectRoot = "";
			targets = (
				53F1EDEF1C3D985C00E9F6FA /* tips */,
				53F1EE041C3D985C00E9F6FA /* tipsTests */,
			);
		};
/* End PBXProject section */

/* Begin PBXResourcesBuildPhase section */
		53F1EDEE1C3D985C00E9F6FA /* Resources */ = {
			isa = PBXResourcesBuildPhase;
			buildActionMask = 2147483647;
			files = (
				53F1EDFB1C3D985C00E9F6FA /* Main.storyboard in Resources */,
				53F1EE001C3D985C00E9F6FA /* LaunchScreen.xib in Resources */,
				53F1EDFD1C3D985C00E9F6FA /* Images.xcassets in Resources */,
			);
			runOnlyForDeploymentPostprocessing = 0;
		};
		53F1EE031C3D985C00E9F6FA /* Resources */ = {
			isa = PBXResourcesBuildPhase;
			buildActionMask = 2147483647;
			files = (
			);
			runOnlyForDeploymentPostprocessing = 0;
		};
/* End PBXResourcesBuildPhase section */

/* Begin PBXSourcesBuildPhase section */
		53F1EDEC1C3D985C00E9F6FA /* Sources */ = {
			isa = PBXSourcesBuildPhase;
			buildActionMask = 2147483647;
			files = (
				53F1EE191C3DE44800E9F6FA /* SettingsTableViewController.swift in Sources */,
				53F1EDF81C3D985C00E9F6FA /* ViewController.swift in Sources */,
				53F1EDF61C3D985C00E9F6FA /* AppDelegate.swift in Sources */,
			);
			runOnlyForDeploymentPostprocessing = 0;
		};
		53F1EE011C3D985C00E9F6FA /* Sources */ = {
			isa = PBXSourcesBuildPhase;
			buildActionMask = 2147483647;
			files = (
				53F1EE0C1C3D985C00E9F6FA /* tipsTests.swift in Sources */,
			);
			runOnlyForDeploymentPostprocessing = 0;
		};
/* End PBXSourcesBuildPhase section */

/* Begin PBXTargetDependency section */
		53F1EE071C3D985C00E9F6FA /* PBXTargetDependency */ = {
			isa = PBXTargetDependency;
			target = 53F1EDEF1C3D985C00E9F6FA /* tips */;
			targetProxy = 53F1EE061C3D985C00E9F6FA /* PBXContainerItemProxy */;
		};
/* End PBXTargetDependency section */

/* Begin PBXVariantGroup section */
		53F1EDF91C3D985C00E9F6FA /* Main.storyboard */ = {
			isa = PBXVariantGroup;
			children = (
				53F1EDFA1C3D985C00E9F6FA /* Base */,
			);
			name = Main.storyboard;
			sourceTree = "<group>";
		};
		53F1EDFE1C3D985C00E9F6FA /* LaunchScreen.xib */ = {
			isa = PBXVariantGroup;
			children = (
				53F1EDFF1C3D985C00E9F6FA /* Base */,
			);
			name = LaunchScreen.xib;
			sourceTree = "<group>";
		};
/* End PBXVariantGroup section */

/* Begin XCBuildConfiguration section */
		53F1EE0D1C3D985C00E9F6FA /* Debug */ = {
			isa = XCBuildConfiguration;
			buildSettings = {
				ALWAYS_SEARCH_USER_PATHS = NO;
				CLANG_CXX_LANGUAGE_STANDARD = "gnu++0x";
				CLANG_CXX_LIBRARY = "libc++";
				CLANG_ENABLE_MODULES = YES;
				CLANG_ENABLE_OBJC_ARC = YES;
				CLANG_WARN_BOOL_CONVERSION = YES;
				CLANG_WARN_CONSTANT_CONVERSION = YES;
				CLANG_WARN_DIRECT_OBJC_ISA_USAGE = YES_ERROR;
				CLANG_WARN_EMPTY_BODY = YES;
				CLANG_WARN_ENUM_CONVERSION = YES;
				CLANG_WARN_INT_CONVERSION = YES;
				CLANG_WARN_OBJC_ROOT_CLASS = YES_ERROR;
				CLANG_WARN_UNREACHABLE_CODE = YES;
				CLANG_WARN__DUPLICATE_METHOD_MATCH = YES;
				"CODE_SIGN_IDENTITY[sdk=iphoneos*]" = "iPhone Developer";
				COPY_PHASE_STRIP = NO;
				DEBUG_INFORMATION_FORMAT = "dwarf-with-dsym";
				ENABLE_STRICT_OBJC_MSGSEND = YES;
				GCC_C_LANGUAGE_STANDARD = gnu99;
				GCC_DYNAMIC_NO_PIC = NO;
				GCC_NO_COMMON_BLOCKS = YES;
				GCC_OPTIMIZATION_LEVEL = 0;
				GCC_PREPROCESSOR_DEFINITIONS = (
					"DEBUG=1",
					"$(inherited)",
				);
				GCC_SYMBOLS_PRIVATE_EXTERN = NO;
				GCC_WARN_64_TO_32_BIT_CONVERSION = YES;
				GCC_WARN_ABOUT_RETURN_TYPE = YES_ERROR;
				GCC_WARN_UNDECLARED_SELECTOR = YES;
				GCC_WARN_UNINITIALIZED_AUTOS = YES_AGGRESSIVE;
				GCC_WARN_UNUSED_FUNCTION = YES;
				GCC_WARN_UNUSED_VARIABLE = YES;
				IPHONEOS_DEPLOYMENT_TARGET = 8.3;
				MTL_ENABLE_DEBUG_INFO = YES;
				ONLY_ACTIVE_ARCH = YES;
				SDKROOT = iphoneos;
				SWIFT_OPTIMIZATION_LEVEL = "-Onone";
			};
			name = Debug;
		};
		53F1EE0E1C3D985C00E9F6FA /* Release */ = {
			isa = XCBuildConfiguration;
			buildSettings = {
				ALWAYS_SEARCH_USER_PATHS = NO;
				CLANG_CXX_LANGUAGE_STANDARD = "gnu++0x";
				CLANG_CXX_LIBRARY = "libc++";
				CLANG_ENABLE_MODULES = YES;
				CLANG_ENABLE_OBJC_ARC = YES;
				CLANG_WARN_BOOL_CONVERSION = YES;
				CLANG_WARN_CONSTANT_CONVERSION = YES;
				CLANG_WARN_DIRECT_OBJC_ISA_USAGE = YES_ERROR;
				CLANG_WARN_EMPTY_BODY = YES;
				CLANG_WARN_ENUM_CONVERSION = YES;
				CLANG_WARN_INT_CONVERSION = YES;
				CLANG_WARN_OBJC_ROOT_CLASS = YES_ERROR;
				CLANG_WARN_UNREACHABLE_CODE = YES;
				CLANG_WARN__DUPLICATE_METHOD_MATCH = YES;
				"CODE_SIGN_IDENTITY[sdk=iphoneos*]" = "iPhone Developer";
				COPY_PHASE_STRIP = NO;
				DEBUG_INFORMATION_FORMAT = "dwarf-with-dsym";
				ENABLE_NS_ASSERTIONS = NO;
				ENABLE_STRICT_OBJC_MSGSEND = YES;
				GCC_C_LANGUAGE_STANDARD = gnu99;
				GCC_NO_COMMON_BLOCKS = YES;
				GCC_WARN_64_TO_32_BIT_CONVERSION = YES;
				GCC_WARN_ABOUT_RETURN_TYPE = YES_ERROR;
				GCC_WARN_UNDECLARED_SELECTOR = YES;
				GCC_WARN_UNINITIALIZED_AUTOS = YES_AGGRESSIVE;
				GCC_WARN_UNUSED_FUNCTION = YES;
				GCC_WARN_UNUSED_VARIABLE = YES;
				IPHONEOS_DEPLOYMENT_TARGET = 8.3;
				MTL_ENABLE_DEBUG_INFO = NO;
				SDKROOT = iphoneos;
				VALIDATE_PRODUCT = YES;
			};
			name = Release;
		};
		53F1EE101C3D985C00E9F6FA /* Debug */ = {
			isa = XCBuildConfiguration;
			buildSettings = {
				ASSETCATALOG_COMPILER_APPICON_NAME = AppIcon;
				INFOPLIST_FILE = tips/Info.plist;
				LD_RUNPATH_SEARCH_PATHS = "$(inherited) @executable_path/Frameworks";
				PRODUCT_NAME = "$(TARGET_NAME)";
			};
			name = Debug;
		};
		53F1EE111C3D985C00E9F6FA /* Release */ = {
			isa = XCBuildConfiguration;
			buildSettings = {
				ASSETCATALOG_COMPILER_APPICON_NAME = AppIcon;
				INFOPLIST_FILE = tips/Info.plist;
				LD_RUNPATH_SEARCH_PATHS = "$(inherited) @executable_path/Frameworks";
				PRODUCT_NAME = "$(TARGET_NAME)";
			};
			name = Release;
		};
		53F1EE131C3D985C00E9F6FA /* Debug */ = {
			isa = XCBuildConfiguration;
			buildSettings = {
				BUNDLE_LOADER = "$(TEST_HOST)";
				FRAMEWORK_SEARCH_PATHS = (
					"$(SDKROOT)/Developer/Library/Frameworks",
					"$(inherited)",
				);
				GCC_PREPROCESSOR_DEFINITIONS = (
					"DEBUG=1",
					"$(inherited)",
				);
				INFOPLIST_FILE = tipsTests/Info.plist;
				LD_RUNPATH_SEARCH_PATHS = "$(inherited) @executable_path/Frameworks @loader_path/Frameworks";
				PRODUCT_NAME = "$(TARGET_NAME)";
				TEST_HOST = "$(BUILT_PRODUCTS_DIR)/tips.app/tips";
			};
			name = Debug;
		};
		53F1EE141C3D985C00E9F6FA /* Release */ = {
			isa = XCBuildConfiguration;
			buildSettings = {
				BUNDLE_LOADER = "$(TEST_HOST)";
				FRAMEWORK_SEARCH_PATHS = (
					"$(SDKROOT)/Developer/Library/Frameworks",
					"$(inherited)",
				);
				INFOPLIST_FILE = tipsTests/Info.plist;
				LD_RUNPATH_SEARCH_PATHS = "$(inherited) @executable_path/Frameworks @loader_path/Frameworks";
				PRODUCT_NAME = "$(TARGET_NAME)";
				TEST_HOST = "$(BUILT_PRODUCTS_DIR)/tips.app/tips";
			};
			name = Release;
		};
/* End XCBuildConfiguration section */

/* Begin XCConfigurationList section */
		53F1EDEB1C3D985C00E9F6FA /* Build configuration list for PBXProject "tips" */ = {
			isa = XCConfigurationList;
			buildConfigurations = (
				53F1EE0D1C3D985C00E9F6FA /* Debug */,
				53F1EE0E1C3D985C00E9F6FA /* Release */,
			);
			defaultConfigurationIsVisible = 0;
			defaultConfigurationName = Release;
		};
		53F1EE0F1C3D985C00E9F6FA /* Build configuration list for PBXNativeTarget "tips" */ = {
			isa = XCConfigurationList;
			buildConfigurations = (
				53F1EE101C3D985C00E9F6FA /* Debug */,
				53F1EE111C3D985C00E9F6FA /* Release */,
			);
			defaultConfigurationIsVisible = 0;
		};
		53F1EE121C3D985C00E9F6FA /* Build configuration list for PBXNativeTarget "tipsTests" */ = {
			isa = XCConfigurationList;
			buildConfigurations = (
				53F1EE131C3D985C00E9F6FA /* Debug */,
				53F1EE141C3D985C00E9F6FA /* Release */,
			);
			defaultConfigurationIsVisible = 0;
		};
/* End XCConfigurationList section */
	};
	rootObject = 53F1EDE81C3D985C00E9F6FA /* Project object */;
}
